// !$*UTF8*$!
{
	archiveVersion = 1;
	classes = {
	};
	objectVersion = 51;
	objects = {

/* Begin PBXBuildFile section */
		653AB31325D8EDD900202B59 /* SecondViewController.swift in Sources */ = {isa = PBXBuildFile; fileRef = 653AB31225D8EDD900202B59 /* SecondViewController.swift */; };
		65AF02982557B9B70011345A /* AppDelegate.swift in Sources */ = {isa = PBXBuildFile; fileRef = 65AF02972557B9B70011345A /* AppDelegate.swift */; };
		65AF029A2557B9B70011345A /* ViewController.swift in Sources */ = {isa = PBXBuildFile; fileRef = 65AF02992557B9B70011345A /* ViewController.swift */; };
		65AF029D2557B9B70011345A /* Main.storyboard in Resources */ = {isa = PBXBuildFile; fileRef = 65AF029B2557B9B70011345A /* Main.storyboard */; };
		65AF029F2557B9BA0011345A /* Assets.xcassets in Resources */ = {isa = PBXBuildFile; fileRef = 65AF029E2557B9BA0011345A /* Assets.xcassets */; };
		65AF02A22557B9BA0011345A /* LaunchScreen.storyboard in Resources */ = {isa = PBXBuildFile; fileRef = 65AF02A02557B9BA0011345A /* LaunchScreen.storyboard */; };
		65AF02AD2557B9BA0011345A /* ScheduleTests.swift in Sources */ = {isa = PBXBuildFile; fileRef = 65AF02AC2557B9BA0011345A /* ScheduleTests.swift */; };
		65AF02B82557B9BA0011345A /* ScheduleUITests.swift in Sources */ = {isa = PBXBuildFile; fileRef = 65AF02B72557B9BA0011345A /* ScheduleUITests.swift */; };
		65EAD23225C68C6600C8503C /* TableViewCell.swift in Sources */ = {isa = PBXBuildFile; fileRef = 65EAD23125C68C6600C8503C /* TableViewCell.swift */; };
		B599EA132BD507CC9DBEE0AB /* Pods_ScheduleTests.framework in Frameworks */ = {isa = PBXBuildFile; fileRef = F49D9A033E0767EACF7ED2F8 /* Pods_ScheduleTests.framework */; };
		E8EDB8071BE789F066B3E2AD /* Pods_Schedule.framework in Frameworks */ = {isa = PBXBuildFile; fileRef = AB805C3903972E9956167ACC /* Pods_Schedule.framework */; };
		FAF3BFDB73BFA544CB20CC59 /* Pods_Schedule_ScheduleUITests.framework in Frameworks */ = {isa = PBXBuildFile; fileRef = 3AAFBC053DB949B1178FD9B1 /* Pods_Schedule_ScheduleUITests.framework */; };
/* End PBXBuildFile section */

/* Begin PBXContainerItemProxy section */
		65AF02A92557B9BA0011345A /* PBXContainerItemProxy */ = {
			isa = PBXContainerItemProxy;
			containerPortal = 65AF028C2557B9B70011345A /* Project object */;
			proxyType = 1;
			remoteGlobalIDString = 65AF02932557B9B70011345A;
			remoteInfo = Schedule;
		};
		65AF02B42557B9BA0011345A /* PBXContainerItemProxy */ = {
			isa = PBXContainerItemProxy;
			containerPortal = 65AF028C2557B9B70011345A /* Project object */;
			proxyType = 1;
			remoteGlobalIDString = 65AF02932557B9B70011345A;
			remoteInfo = Schedule;
		};
/* End PBXContainerItemProxy section */

/* Begin PBXFileReference section */
		02F55D9BC63C96296E3D5A8E /* Pods-Schedule.release.xcconfig */ = {isa = PBXFileReference; includeInIndex = 1; lastKnownFileType = text.xcconfig; name = "Pods-Schedule.release.xcconfig"; path = "Target Support Files/Pods-Schedule/Pods-Schedule.release.xcconfig"; sourceTree = "<group>"; };
		0306C1528C4B6DA8D3A9EB83 /* Pods-ScheduleTests.debug.xcconfig */ = {isa = PBXFileReference; includeInIndex = 1; lastKnownFileType = text.xcconfig; name = "Pods-ScheduleTests.debug.xcconfig"; path = "Target Support Files/Pods-ScheduleTests/Pods-ScheduleTests.debug.xcconfig"; sourceTree = "<group>"; };
		3AAFBC053DB949B1178FD9B1 /* Pods_Schedule_ScheduleUITests.framework */ = {isa = PBXFileReference; explicitFileType = wrapper.framework; includeInIndex = 0; path = Pods_Schedule_ScheduleUITests.framework; sourceTree = BUILT_PRODUCTS_DIR; };
		653AB31225D8EDD900202B59 /* SecondViewController.swift */ = {isa = PBXFileReference; lastKnownFileType = sourcecode.swift; path = SecondViewController.swift; sourceTree = "<group>"; };
		65AF02942557B9B70011345A /* Schedule.app */ = {isa = PBXFileReference; explicitFileType = wrapper.application; includeInIndex = 0; path = Schedule.app; sourceTree = BUILT_PRODUCTS_DIR; };
		65AF02972557B9B70011345A /* AppDelegate.swift */ = {isa = PBXFileReference; lastKnownFileType = sourcecode.swift; path = AppDelegate.swift; sourceTree = "<group>"; };
		65AF02992557B9B70011345A /* ViewController.swift */ = {isa = PBXFileReference; lastKnownFileType = sourcecode.swift; path = ViewController.swift; sourceTree = "<group>"; };
		65AF029C2557B9B70011345A /* Base */ = {isa = PBXFileReference; lastKnownFileType = file.storyboard; name = Base; path = Base.lproj/Main.storyboard; sourceTree = "<group>"; };
		65AF029E2557B9BA0011345A /* Assets.xcassets */ = {isa = PBXFileReference; lastKnownFileType = folder.assetcatalog; path = Assets.xcassets; sourceTree = "<group>"; };
		65AF02A12557B9BA0011345A /* Base */ = {isa = PBXFileReference; lastKnownFileType = file.storyboard; name = Base; path = Base.lproj/LaunchScreen.storyboard; sourceTree = "<group>"; };
		65AF02A32557B9BA0011345A /* Info.plist */ = {isa = PBXFileReference; lastKnownFileType = text.plist.xml; path = Info.plist; sourceTree = "<group>"; };
		65AF02A82557B9BA0011345A /* ScheduleTests.xctest */ = {isa = PBXFileReference; explicitFileType = wrapper.cfbundle; includeInIndex = 0; path = ScheduleTests.xctest; sourceTree = BUILT_PRODUCTS_DIR; };
		65AF02AC2557B9BA0011345A /* ScheduleTests.swift */ = {isa = PBXFileReference; lastKnownFileType = sourcecode.swift; path = ScheduleTests.swift; sourceTree = "<group>"; };
		65AF02AE2557B9BA0011345A /* Info.plist */ = {isa = PBXFileReference; lastKnownFileType = text.plist.xml; path = Info.plist; sourceTree = "<group>"; };
		65AF02B32557B9BA0011345A /* ScheduleUITests.xctest */ = {isa = PBXFileReference; explicitFileType = wrapper.cfbundle; includeInIndex = 0; path = ScheduleUITests.xctest; sourceTree = BUILT_PRODUCTS_DIR; };
		65AF02B72557B9BA0011345A /* ScheduleUITests.swift */ = {isa = PBXFileReference; lastKnownFileType = sourcecode.swift; path = ScheduleUITests.swift; sourceTree = "<group>"; };
		65AF02B92557B9BA0011345A /* Info.plist */ = {isa = PBXFileReference; lastKnownFileType = text.plist.xml; path = Info.plist; sourceTree = "<group>"; };
		65EAD23125C68C6600C8503C /* TableViewCell.swift */ = {isa = PBXFileReference; lastKnownFileType = sourcecode.swift; path = TableViewCell.swift; sourceTree = "<group>"; };
		67C072695D631BAB27F6BF2B /* Pods-Schedule-ScheduleUITests.release.xcconfig */ = {isa = PBXFileReference; includeInIndex = 1; lastKnownFileType = text.xcconfig; name = "Pods-Schedule-ScheduleUITests.release.xcconfig"; path = "Target Support Files/Pods-Schedule-ScheduleUITests/Pods-Schedule-ScheduleUITests.release.xcconfig"; sourceTree = "<group>"; };
		945625D74B754D6D14B66F08 /* Pods-Schedule.debug.xcconfig */ = {isa = PBXFileReference; includeInIndex = 1; lastKnownFileType = text.xcconfig; name = "Pods-Schedule.debug.xcconfig"; path = "Target Support Files/Pods-Schedule/Pods-Schedule.debug.xcconfig"; sourceTree = "<group>"; };
		AB805C3903972E9956167ACC /* Pods_Schedule.framework */ = {isa = PBXFileReference; explicitFileType = wrapper.framework; includeInIndex = 0; path = Pods_Schedule.framework; sourceTree = BUILT_PRODUCTS_DIR; };
		ECCAC18FC26187F1A4D39B43 /* Pods-Schedule-ScheduleUITests.debug.xcconfig */ = {isa = PBXFileReference; includeInIndex = 1; lastKnownFileType = text.xcconfig; name = "Pods-Schedule-ScheduleUITests.debug.xcconfig"; path = "Target Support Files/Pods-Schedule-ScheduleUITests/Pods-Schedule-ScheduleUITests.debug.xcconfig"; sourceTree = "<group>"; };
		F49D9A033E0767EACF7ED2F8 /* Pods_ScheduleTests.framework */ = {isa = PBXFileReference; explicitFileType = wrapper.framework; includeInIndex = 0; path = Pods_ScheduleTests.framework; sourceTree = BUILT_PRODUCTS_DIR; };
		F9175A51310E4D4D7B51AC5E /* Pods-ScheduleTests.release.xcconfig */ = {isa = PBXFileReference; includeInIndex = 1; lastKnownFileType = text.xcconfig; name = "Pods-ScheduleTests.release.xcconfig"; path = "Target Support Files/Pods-ScheduleTests/Pods-ScheduleTests.release.xcconfig"; sourceTree = "<group>"; };
/* End PBXFileReference section */

/* Begin PBXFrameworksBuildPhase section */
		65AF02912557B9B70011345A /* Frameworks */ = {
			isa = PBXFrameworksBuildPhase;
			buildActionMask = 2147483647;
			files = (
				E8EDB8071BE789F066B3E2AD /* Pods_Schedule.framework in Frameworks */,
			);
			runOnlyForDeploymentPostprocessing = 0;
		};
		65AF02A52557B9BA0011345A /* Frameworks */ = {
			isa = PBXFrameworksBuildPhase;
			buildActionMask = 2147483647;
			files = (
				B599EA132BD507CC9DBEE0AB /* Pods_ScheduleTests.framework in Frameworks */,
			);
			runOnlyForDeploymentPostprocessing = 0;
		};
		65AF02B02557B9BA0011345A /* Frameworks */ = {
			isa = PBXFrameworksBuildPhase;
			buildActionMask = 2147483647;
			files = (
				FAF3BFDB73BFA544CB20CC59 /* Pods_Schedule_ScheduleUITests.framework in Frameworks */,
			);
			runOnlyForDeploymentPostprocessing = 0;
		};
/* End PBXFrameworksBuildPhase section */

/* Begin PBXGroup section */
		3B7EB5CFABA40305816CBB1D /* Pods */ = {
			isa = PBXGroup;
			children = (
				945625D74B754D6D14B66F08 /* Pods-Schedule.debug.xcconfig */,
				02F55D9BC63C96296E3D5A8E /* Pods-Schedule.release.xcconfig */,
				ECCAC18FC26187F1A4D39B43 /* Pods-Schedule-ScheduleUITests.debug.xcconfig */,
				67C072695D631BAB27F6BF2B /* Pods-Schedule-ScheduleUITests.release.xcconfig */,
				0306C1528C4B6DA8D3A9EB83 /* Pods-ScheduleTests.debug.xcconfig */,
				F9175A51310E4D4D7B51AC5E /* Pods-ScheduleTests.release.xcconfig */,
			);
			path = Pods;
			sourceTree = "<group>";
		};
		65AF028B2557B9B70011345A = {
			isa = PBXGroup;
			children = (
				65AF02962557B9B70011345A /* Schedule */,
				65AF02AB2557B9BA0011345A /* ScheduleTests */,
				65AF02B62557B9BA0011345A /* ScheduleUITests */,
				65AF02952557B9B70011345A /* Products */,
				3B7EB5CFABA40305816CBB1D /* Pods */,
				DC6098F0A3F72CEAF276D949 /* Frameworks */,
			);
			sourceTree = "<group>";
		};
		65AF02952557B9B70011345A /* Products */ = {
			isa = PBXGroup;
			children = (
				65AF02942557B9B70011345A /* Schedule.app */,
				65AF02A82557B9BA0011345A /* ScheduleTests.xctest */,
				65AF02B32557B9BA0011345A /* ScheduleUITests.xctest */,
			);
			name = Products;
			sourceTree = "<group>";
		};
		65AF02962557B9B70011345A /* Schedule */ = {
			isa = PBXGroup;
			children = (
				65AF02972557B9B70011345A /* AppDelegate.swift */,
				65EAD23125C68C6600C8503C /* TableViewCell.swift */,
				65AF02992557B9B70011345A /* ViewController.swift */,
				65AF029B2557B9B70011345A /* Main.storyboard */,
				65AF029E2557B9BA0011345A /* Assets.xcassets */,
				65AF02A02557B9BA0011345A /* LaunchScreen.storyboard */,
				65AF02A32557B9BA0011345A /* Info.plist */,
				653AB31225D8EDD900202B59 /* SecondViewController.swift */,
			);
			path = Schedule;
			sourceTree = "<group>";
		};
		65AF02AB2557B9BA0011345A /* ScheduleTests */ = {
			isa = PBXGroup;
			children = (
				65AF02AC2557B9BA0011345A /* ScheduleTests.swift */,
				65AF02AE2557B9BA0011345A /* Info.plist */,
			);
			path = ScheduleTests;
			sourceTree = "<group>";
		};
		65AF02B62557B9BA0011345A /* ScheduleUITests */ = {
			isa = PBXGroup;
			children = (
				65AF02B72557B9BA0011345A /* ScheduleUITests.swift */,
				65AF02B92557B9BA0011345A /* Info.plist */,
			);
			path = ScheduleUITests;
			sourceTree = "<group>";
		};
		DC6098F0A3F72CEAF276D949 /* Frameworks */ = {
			isa = PBXGroup;
			children = (
				AB805C3903972E9956167ACC /* Pods_Schedule.framework */,
				3AAFBC053DB949B1178FD9B1 /* Pods_Schedule_ScheduleUITests.framework */,
				F49D9A033E0767EACF7ED2F8 /* Pods_ScheduleTests.framework */,
			);
			name = Frameworks;
			sourceTree = "<group>";
		};
/* End PBXGroup section */

/* Begin PBXNativeTarget section */
		65AF02932557B9B70011345A /* Schedule */ = {
			isa = PBXNativeTarget;
			buildConfigurationList = 65AF02BC2557B9BA0011345A /* Build configuration list for PBXNativeTarget "Schedule" */;
			buildPhases = (
				9AD8B316FCF5AAB1311A76FF /* [CP] Check Pods Manifest.lock */,
				65AF02902557B9B70011345A /* Sources */,
				65AF02912557B9B70011345A /* Frameworks */,
				65AF02922557B9B70011345A /* Resources */,
				76B1C2434E4712B7E0EA6844 /* [CP] Embed Pods Frameworks */,
			);
			buildRules = (
			);
			dependencies = (
			);
			name = Schedule;
			productName = Schedule;
			productReference = 65AF02942557B9B70011345A /* Schedule.app */;
			productType = "com.apple.product-type.application";
		};
		65AF02A72557B9BA0011345A /* ScheduleTests */ = {
			isa = PBXNativeTarget;
			buildConfigurationList = 65AF02BF2557B9BA0011345A /* Build configuration list for PBXNativeTarget "ScheduleTests" */;
			buildPhases = (
				EAB9B5555A40F2EE1E3EB929 /* [CP] Check Pods Manifest.lock */,
				65AF02A42557B9BA0011345A /* Sources */,
				65AF02A52557B9BA0011345A /* Frameworks */,
				65AF02A62557B9BA0011345A /* Resources */,
			);
			buildRules = (
			);
			dependencies = (
				65AF02AA2557B9BA0011345A /* PBXTargetDependency */,
			);
			name = ScheduleTests;
			productName = ScheduleTests;
			productReference = 65AF02A82557B9BA0011345A /* ScheduleTests.xctest */;
			productType = "com.apple.product-type.bundle.unit-test";
		};
		65AF02B22557B9BA0011345A /* ScheduleUITests */ = {
			isa = PBXNativeTarget;
			buildConfigurationList = 65AF02C22557B9BA0011345A /* Build configuration list for PBXNativeTarget "ScheduleUITests" */;
			buildPhases = (
				F4C5A5673101421BD4DA10EF /* [CP] Check Pods Manifest.lock */,
				65AF02AF2557B9BA0011345A /* Sources */,
				65AF02B02557B9BA0011345A /* Frameworks */,
				65AF02B12557B9BA0011345A /* Resources */,
				5BDD8C6176C6CB09B9D11D3E /* [CP] Embed Pods Frameworks */,
			);
			buildRules = (
			);
			dependencies = (
				65AF02B52557B9BA0011345A /* PBXTargetDependency */,
			);
			name = ScheduleUITests;
			productName = ScheduleUITests;
			productReference = 65AF02B32557B9BA0011345A /* ScheduleUITests.xctest */;
			productType = "com.apple.product-type.bundle.ui-testing";
		};
/* End PBXNativeTarget section */

/* Begin PBXProject section */
		65AF028C2557B9B70011345A /* Project object */ = {
			isa = PBXProject;
			attributes = {
				LastSwiftUpdateCheck = 1020;
				LastUpgradeCheck = 1020;
				ORGANIZATIONNAME = ayano;
				TargetAttributes = {
					65AF02932557B9B70011345A = {
						CreatedOnToolsVersion = 10.2.1;
					};
					65AF02A72557B9BA0011345A = {
						CreatedOnToolsVersion = 10.2.1;
						TestTargetID = 65AF02932557B9B70011345A;
					};
					65AF02B22557B9BA0011345A = {
						CreatedOnToolsVersion = 10.2.1;
						TestTargetID = 65AF02932557B9B70011345A;
					};
				};
			};
			buildConfigurationList = 65AF028F2557B9B70011345A /* Build configuration list for PBXProject "Schedule" */;
			compatibilityVersion = "Xcode 9.3";
			developmentRegion = en;
			hasScannedForEncodings = 0;
			knownRegions = (
				en,
				Base,
			);
			mainGroup = 65AF028B2557B9B70011345A;
			productRefGroup = 65AF02952557B9B70011345A /* Products */;
			projectDirPath = "";
			projectRoot = "";
			targets = (
				65AF02932557B9B70011345A /* Schedule */,
				65AF02A72557B9BA0011345A /* ScheduleTests */,
				65AF02B22557B9BA0011345A /* ScheduleUITests */,
			);
		};
/* End PBXProject section */

/* Begin PBXResourcesBuildPhase section */
		65AF02922557B9B70011345A /* Resources */ = {
			isa = PBXResourcesBuildPhase;
			buildActionMask = 2147483647;
			files = (
				65AF02A22557B9BA0011345A /* LaunchScreen.storyboard in Resources */,
				65AF029F2557B9BA0011345A /* Assets.xcassets in Resources */,
				65AF029D2557B9B70011345A /* Main.storyboard in Resources */,
			);
			runOnlyForDeploymentPostprocessing = 0;
		};
		65AF02A62557B9BA0011345A /* Resources */ = {
			isa = PBXResourcesBuildPhase;
			buildActionMask = 2147483647;
			files = (
			);
			runOnlyForDeploymentPostprocessing = 0;
		};
		65AF02B12557B9BA0011345A /* Resources */ = {
			isa = PBXResourcesBuildPhase;
			buildActionMask = 2147483647;
			files = (
			);
			runOnlyForDeploymentPostprocessing = 0;
		};
/* End PBXResourcesBuildPhase section */

/* Begin PBXShellScriptBuildPhase section */
		5BDD8C6176C6CB09B9D11D3E /* [CP] Embed Pods Frameworks */ = {
			isa = PBXShellScriptBuildPhase;
			buildActionMask = 2147483647;
			files = (
			);
			inputFileListPaths = (
				"${PODS_ROOT}/Target Support Files/Pods-Schedule-ScheduleUITests/Pods-Schedule-ScheduleUITests-frameworks-${CONFIGURATION}-input-files.xcfilelist",
			);
			name = "[CP] Embed Pods Frameworks";
			outputFileListPaths = (
				"${PODS_ROOT}/Target Support Files/Pods-Schedule-ScheduleUITests/Pods-Schedule-ScheduleUITests-frameworks-${CONFIGURATION}-output-files.xcfilelist",
			);
			runOnlyForDeploymentPostprocessing = 0;
			shellPath = /bin/sh;
			shellScript = "\"${PODS_ROOT}/Target Support Files/Pods-Schedule-ScheduleUITests/Pods-Schedule-ScheduleUITests-frameworks.sh\"\n";
			showEnvVarsInLog = 0;
		};
		76B1C2434E4712B7E0EA6844 /* [CP] Embed Pods Frameworks */ = {
			isa = PBXShellScriptBuildPhase;
			buildActionMask = 2147483647;
			files = (
			);
			inputFileListPaths = (
				"${PODS_ROOT}/Target Support Files/Pods-Schedule/Pods-Schedule-frameworks-${CONFIGURATION}-input-files.xcfilelist",
			);
			name = "[CP] Embed Pods Frameworks";
			outputFileListPaths = (
				"${PODS_ROOT}/Target Support Files/Pods-Schedule/Pods-Schedule-frameworks-${CONFIGURATION}-output-files.xcfilelist",
			);
			runOnlyForDeploymentPostprocessing = 0;
			shellPath = /bin/sh;
			shellScript = "\"${PODS_ROOT}/Target Support Files/Pods-Schedule/Pods-Schedule-frameworks.sh\"\n";
			showEnvVarsInLog = 0;
		};
		9AD8B316FCF5AAB1311A76FF /* [CP] Check Pods Manifest.lock */ = {
			isa = PBXShellScriptBuildPhase;
			buildActionMask = 2147483647;
			files = (
			);
			inputFileListPaths = (
			);
			inputPaths = (
				"${PODS_PODFILE_DIR_PATH}/Podfile.lock",
				"${PODS_ROOT}/Manifest.lock",
			);
			name = "[CP] Check Pods Manifest.lock";
			outputFileListPaths = (
			);
			outputPaths = (
				"$(DERIVED_FILE_DIR)/Pods-Schedule-checkManifestLockResult.txt",
			);
			runOnlyForDeploymentPostprocessing = 0;
			shellPath = /bin/sh;
			shellScript = "diff \"${PODS_PODFILE_DIR_PATH}/Podfile.lock\" \"${PODS_ROOT}/Manifest.lock\" > /dev/null\nif [ $? != 0 ] ; then\n    # print error to STDERR\n    echo \"error: The sandbox is not in sync with the Podfile.lock. Run 'pod install' or update your CocoaPods installation.\" >&2\n    exit 1\nfi\n# This output is used by Xcode 'outputs' to avoid re-running this script phase.\necho \"SUCCESS\" > \"${SCRIPT_OUTPUT_FILE_0}\"\n";
			showEnvVarsInLog = 0;
		};
		EAB9B5555A40F2EE1E3EB929 /* [CP] Check Pods Manifest.lock */ = {
			isa = PBXShellScriptBuildPhase;
			buildActionMask = 2147483647;
			files = (
			);
			inputFileListPaths = (
			);
			inputPaths = (
				"${PODS_PODFILE_DIR_PATH}/Podfile.lock",
				"${PODS_ROOT}/Manifest.lock",
			);
			name = "[CP] Check Pods Manifest.lock";
			outputFileListPaths = (
			);
			outputPaths = (
				"$(DERIVED_FILE_DIR)/Pods-ScheduleTests-checkManifestLockResult.txt",
			);
			runOnlyForDeploymentPostprocessing = 0;
			shellPath = /bin/sh;
			shellScript = "diff \"${PODS_PODFILE_DIR_PATH}/Podfile.lock\" \"${PODS_ROOT}/Manifest.lock\" > /dev/null\nif [ $? != 0 ] ; then\n    # print error to STDERR\n    echo \"error: The sandbox is not in sync with the Podfile.lock. Run 'pod install' or update your CocoaPods installation.\" >&2\n    exit 1\nfi\n# This output is used by Xcode 'outputs' to avoid re-running this script phase.\necho \"SUCCESS\" > \"${SCRIPT_OUTPUT_FILE_0}\"\n";
			showEnvVarsInLog = 0;
		};
		F4C5A5673101421BD4DA10EF /* [CP] Check Pods Manifest.lock */ = {
			isa = PBXShellScriptBuildPhase;
			buildActionMask = 2147483647;
			files = (
			);
			inputFileListPaths = (
			);
			inputPaths = (
				"${PODS_PODFILE_DIR_PATH}/Podfile.lock",
				"${PODS_ROOT}/Manifest.lock",
			);
			name = "[CP] Check Pods Manifest.lock";
			outputFileListPaths = (
			);
			outputPaths = (
				"$(DERIVED_FILE_DIR)/Pods-Schedule-ScheduleUITests-checkManifestLockResult.txt",
			);
			runOnlyForDeploymentPostprocessing = 0;
			shellPath = /bin/sh;
			shellScript = "diff \"${PODS_PODFILE_DIR_PATH}/Podfile.lock\" \"${PODS_ROOT}/Manifest.lock\" > /dev/null\nif [ $? != 0 ] ; then\n    # print error to STDERR\n    echo \"error: The sandbox is not in sync with the Podfile.lock. Run 'pod install' or update your CocoaPods installation.\" >&2\n    exit 1\nfi\n# This output is used by Xcode 'outputs' to avoid re-running this script phase.\necho \"SUCCESS\" > \"${SCRIPT_OUTPUT_FILE_0}\"\n";
			showEnvVarsInLog = 0;
		};
/* End PBXShellScriptBuildPhase section */

/* Begin PBXSourcesBuildPhase section */
		65AF02902557B9B70011345A /* Sources */ = {
			isa = PBXSourcesBuildPhase;
			buildActionMask = 2147483647;
			files = (
				653AB31325D8EDD900202B59 /* SecondViewController.swift in Sources */,
				65EAD23225C68C6600C8503C /* TableViewCell.swift in Sources */,
				65AF029A2557B9B70011345A /* ViewController.swift in Sources */,
				65AF02982557B9B70011345A /* AppDelegate.swift in Sources */,
			);
			runOnlyForDeploymentPostprocessing = 0;
		};
		65AF02A42557B9BA0011345A /* Sources */ = {
			isa = PBXSourcesBuildPhase;
			buildActionMask = 2147483647;
			files = (
				65AF02AD2557B9BA0011345A /* ScheduleTests.swift in Sources */,
			);
			runOnlyForDeploymentPostprocessing = 0;
		};
		65AF02AF2557B9BA0011345A /* Sources */ = {
			isa = PBXSourcesBuildPhase;
			buildActionMask = 2147483647;
			files = (
				65AF02B82557B9BA0011345A /* ScheduleUITests.swift in Sources */,
			);
			runOnlyForDeploymentPostprocessing = 0;
		};
/* End PBXSourcesBuildPhase section */

/* Begin PBXTargetDependency section */
		65AF02AA2557B9BA0011345A /* PBXTargetDependency */ = {
			isa = PBXTargetDependency;
			target = 65AF02932557B9B70011345A /* Schedule */;
			targetProxy = 65AF02A92557B9BA0011345A /* PBXContainerItemProxy */;
		};
		65AF02B52557B9BA0011345A /* PBXTargetDependency */ = {
			isa = PBXTargetDependency;
			target = 65AF02932557B9B70011345A /* Schedule */;
			targetProxy = 65AF02B42557B9BA0011345A /* PBXContainerItemProxy */;
		};
/* End PBXTargetDependency section */

/* Begin PBXVariantGroup section */
		65AF029B2557B9B70011345A /* Main.storyboard */ = {
			isa = PBXVariantGroup;
			children = (
				65AF029C2557B9B70011345A /* Base */,
			);
			name = Main.storyboard;
			sourceTree = "<group>";
		};
		65AF02A02557B9BA0011345A /* LaunchScreen.storyboard */ = {
			isa = PBXVariantGroup;
			children = (
				65AF02A12557B9BA0011345A /* Base */,
			);
			name = LaunchScreen.storyboard;
			sourceTree = "<group>";
		};
/* End PBXVariantGroup section */

/* Begin XCBuildConfiguration section */
		65AF02BA2557B9BA0011345A /* Debug */ = {
			isa = XCBuildConfiguration;
			buildSettings = {
				ALWAYS_SEARCH_USER_PATHS = NO;
				CLANG_ANALYZER_NONNULL = YES;
				CLANG_ANALYZER_NUMBER_OBJECT_CONVERSION = YES_AGGRESSIVE;
				CLANG_CXX_LANGUAGE_STANDARD = "gnu++14";
				CLANG_CXX_LIBRARY = "libc++";
				CLANG_ENABLE_MODULES = YES;
				CLANG_ENABLE_OBJC_ARC = YES;
				CLANG_ENABLE_OBJC_WEAK = YES;
				CLANG_WARN_BLOCK_CAPTURE_AUTORELEASING = YES;
				CLANG_WARN_BOOL_CONVERSION = YES;
				CLANG_WARN_COMMA = YES;
				CLANG_WARN_CONSTANT_CONVERSION = YES;
				CLANG_WARN_DEPRECATED_OBJC_IMPLEMENTATIONS = YES;
				CLANG_WARN_DIRECT_OBJC_ISA_USAGE = YES_ERROR;
				CLANG_WARN_DOCUMENTATION_COMMENTS = YES;
				CLANG_WARN_EMPTY_BODY = YES;
				CLANG_WARN_ENUM_CONVERSION = YES;
				CLANG_WARN_INFINITE_RECURSION = YES;
				CLANG_WARN_INT_CONVERSION = YES;
				CLANG_WARN_NON_LITERAL_NULL_CONVERSION = YES;
				CLANG_WARN_OBJC_IMPLICIT_RETAIN_SELF = YES;
				CLANG_WARN_OBJC_LITERAL_CONVERSION = YES;
				CLANG_WARN_OBJC_ROOT_CLASS = YES_ERROR;
				CLANG_WARN_RANGE_LOOP_ANALYSIS = YES;
				CLANG_WARN_STRICT_PROTOTYPES = YES;
				CLANG_WARN_SUSPICIOUS_MOVE = YES;
				CLANG_WARN_UNGUARDED_AVAILABILITY = YES_AGGRESSIVE;
				CLANG_WARN_UNREACHABLE_CODE = YES;
				CLANG_WARN__DUPLICATE_METHOD_MATCH = YES;
				CODE_SIGN_IDENTITY = "iPhone Developer";
				COPY_PHASE_STRIP = NO;
				DEBUG_INFORMATION_FORMAT = dwarf;
				ENABLE_STRICT_OBJC_MSGSEND = YES;
				ENABLE_TESTABILITY = YES;
				GCC_C_LANGUAGE_STANDARD = gnu11;
				GCC_DYNAMIC_NO_PIC = NO;
				GCC_NO_COMMON_BLOCKS = YES;
				GCC_OPTIMIZATION_LEVEL = 0;
				GCC_PREPROCESSOR_DEFINITIONS = (
					"DEBUG=1",
					"$(inherited)",
				);
				GCC_WARN_64_TO_32_BIT_CONVERSION = YES;
				GCC_WARN_ABOUT_RETURN_TYPE = YES_ERROR;
				GCC_WARN_UNDECLARED_SELECTOR = YES;
				GCC_WARN_UNINITIALIZED_AUTOS = YES_AGGRESSIVE;
				GCC_WARN_UNUSED_FUNCTION = YES;
				GCC_WARN_UNUSED_VARIABLE = YES;
				IPHONEOS_DEPLOYMENT_TARGET = 12.2;
				MTL_ENABLE_DEBUG_INFO = INCLUDE_SOURCE;
				MTL_FAST_MATH = YES;
				ONLY_ACTIVE_ARCH = YES;
				SDKROOT = iphoneos;
				SWIFT_ACTIVE_COMPILATION_CONDITIONS = DEBUG;
				SWIFT_OPTIMIZATION_LEVEL = "-Onone";
			};
			name = Debug;
		};
		65AF02BB2557B9BA0011345A /* Release */ = {
			isa = XCBuildConfiguration;
			buildSettings = {
				ALWAYS_SEARCH_USER_PATHS = NO;
				CLANG_ANALYZER_NONNULL = YES;
				CLANG_ANALYZER_NUMBER_OBJECT_CONVERSION = YES_AGGRESSIVE;
				CLANG_CXX_LANGUAGE_STANDARD = "gnu++14";
				CLANG_CXX_LIBRARY = "libc++";
				CLANG_ENABLE_MODULES = YES;
				CLANG_ENABLE_OBJC_ARC = YES;
				CLANG_ENABLE_OBJC_WEAK = YES;
				CLANG_WARN_BLOCK_CAPTURE_AUTORELEASING = YES;
				CLANG_WARN_BOOL_CONVERSION = YES;
				CLANG_WARN_COMMA = YES;
				CLANG_WARN_CONSTANT_CONVERSION = YES;
				CLANG_WARN_DEPRECATED_OBJC_IMPLEMENTATIONS = YES;
				CLANG_WARN_DIRECT_OBJC_ISA_USAGE = YES_ERROR;
				CLANG_WARN_DOCUMENTATION_COMMENTS = YES;
				CLANG_WARN_EMPTY_BODY = YES;
				CLANG_WARN_ENUM_CONVERSION = YES;
				CLANG_WARN_INFINITE_RECURSION = YES;
				CLANG_WARN_INT_CONVERSION = YES;
				CLANG_WARN_NON_LITERAL_NULL_CONVERSION = YES;
				CLANG_WARN_OBJC_IMPLICIT_RETAIN_SELF = YES;
				CLANG_WARN_OBJC_LITERAL_CONVERSION = YES;
				CLANG_WARN_OBJC_ROOT_CLASS = YES_ERROR;
				CLANG_WARN_RANGE_LOOP_ANALYSIS = YES;
				CLANG_WARN_STRICT_PROTOTYPES = YES;
				CLANG_WARN_SUSPICIOUS_MOVE = YES;
				CLANG_WARN_UNGUARDED_AVAILABILITY = YES_AGGRESSIVE;
				CLANG_WARN_UNREACHABLE_CODE = YES;
				CLANG_WARN__DUPLICATE_METHOD_MATCH = YES;
				CODE_SIGN_IDENTITY = "iPhone Developer";
				COPY_PHASE_STRIP = NO;
				DEBUG_INFORMATION_FORMAT = "dwarf-with-dsym";
				ENABLE_NS_ASSERTIONS = NO;
				ENABLE_STRICT_OBJC_MSGSEND = YES;
				GCC_C_LANGUAGE_STANDARD = gnu11;
				GCC_NO_COMMON_BLOCKS = YES;
				GCC_WARN_64_TO_32_BIT_CONVERSION = YES;
				GCC_WARN_ABOUT_RETURN_TYPE = YES_ERROR;
				GCC_WARN_UNDECLARED_SELECTOR = YES;
				GCC_WARN_UNINITIALIZED_AUTOS = YES_AGGRESSIVE;
				GCC_WARN_UNUSED_FUNCTION = YES;
				GCC_WARN_UNUSED_VARIABLE = YES;
				IPHONEOS_DEPLOYMENT_TARGET = 12.2;
				MTL_ENABLE_DEBUG_INFO = NO;
				MTL_FAST_MATH = YES;
				SDKROOT = iphoneos;
				SWIFT_COMPILATION_MODE = wholemodule;
				SWIFT_OPTIMIZATION_LEVEL = "-O";
				VALIDATE_PRODUCT = YES;
			};
			name = Release;
		};
		65AF02BD2557B9BA0011345A /* Debug */ = {
			isa = XCBuildConfiguration;
			baseConfigurationReference = 945625D74B754D6D14B66F08 /* Pods-Schedule.debug.xcconfig */;
			buildSettings = {
				ASSETCATALOG_COMPILER_APPICON_NAME = AppIcon;
				CODE_SIGN_STYLE = Automatic;
				INFOPLIST_FILE = Schedule/Info.plist;
				LD_RUNPATH_SEARCH_PATHS = (
					"$(inherited)",
					"@executable_path/Frameworks",
				);
				PRODUCT_BUNDLE_IDENTIFIER = com.ayano.Schedule;
				PRODUCT_NAME = "$(TARGET_NAME)";
				SWIFT_VERSION = 5.0;
				TARGETED_DEVICE_FAMILY = "1,2";
			};
			name = Debug;
		};
		65AF02BE2557B9BA0011345A /* Release */ = {
			isa = XCBuildConfiguration;
			baseConfigurationReference = 02F55D9BC63C96296E3D5A8E /* Pods-Schedule.release.xcconfig */;
			buildSettings = {
				ASSETCATALOG_COMPILER_APPICON_NAME = AppIcon;
				CODE_SIGN_STYLE = Automatic;
				INFOPLIST_FILE = Schedule/Info.plist;
				LD_RUNPATH_SEARCH_PATHS = (
					"$(inherited)",
					"@executable_path/Frameworks",
				);
				PRODUCT_BUNDLE_IDENTIFIER = com.ayano.Schedule;
				PRODUCT_NAME = "$(TARGET_NAME)";
				SWIFT_VERSION = 5.0;
				TARGETED_DEVICE_FAMILY = "1,2";
			};
			name = Release;
		};
		65AF02C02557B9BA0011345A /* Debug */ = {
			isa = XCBuildConfiguration;
			baseConfigurationReference = 0306C1528C4B6DA8D3A9EB83 /* Pods-ScheduleTests.debug.xcconfig */;
			buildSettings = {
				ALWAYS_EMBED_SWIFT_STANDARD_LIBRARIES = YES;
				BUNDLE_LOADER = "$(TEST_HOST)";
				CODE_SIGN_STYLE = Automatic;
				INFOPLIST_FILE = ScheduleTests/Info.plist;
				LD_RUNPATH_SEARCH_PATHS = (
					"$(inherited)",
					"@executable_path/Frameworks",
					"@loader_path/Frameworks",
				);
				PRODUCT_BUNDLE_IDENTIFIER = com.ayano.ScheduleTests;
				PRODUCT_NAME = "$(TARGET_NAME)";
				SWIFT_VERSION = 5.0;
				TARGETED_DEVICE_FAMILY = "1,2";
				TEST_HOST = "$(BUILT_PRODUCTS_DIR)/Schedule.app/Schedule";
			};
			name = Debug;
		};
		65AF02C12557B9BA0011345A /* Release */ = {
			isa = XCBuildConfiguration;
			baseConfigurationReference = F9175A51310E4D4D7B51AC5E /* Pods-ScheduleTests.release.xcconfig */;
			buildSettings = {
				ALWAYS_EMBED_SWIFT_STANDARD_LIBRARIES = YES;
				BUNDLE_LOADER = "$(TEST_HOST)";
				CODE_SIGN_STYLE = Automatic;
				INFOPLIST_FILE = ScheduleTests/Info.plist;
				LD_RUNPATH_SEARCH_PATHS = (
					"$(inherited)",
					"@executable_path/Frameworks",
					"@loader_path/Frameworks",
				);
				PRODUCT_BUNDLE_IDENTIFIER = com.ayano.ScheduleTests;
				PRODUCT_NAME = "$(TARGET_NAME)";
				SWIFT_VERSION = 5.0;
				TARGETED_DEVICE_FAMILY = "1,2";
				TEST_HOST = "$(BUILT_PRODUCTS_DIR)/Schedule.app/Schedule";
			};
			name = Release;
		};
		65AF02C32557B9BA0011345A /* Debug */ = {
			isa = XCBuildConfiguration;
			baseConfigurationReference = ECCAC18FC26187F1A4D39B43 /* Pods-Schedule-ScheduleUITests.debug.xcconfig */;
			buildSettings = {
				ALWAYS_EMBED_SWIFT_STANDARD_LIBRARIES = YES;
				CODE_SIGN_STYLE = Automatic;
				INFOPLIST_FILE = ScheduleUITests/Info.plist;
				LD_RUNPATH_SEARCH_PATHS = (
					"$(inherited)",
					"@executable_path/Frameworks",
					"@loader_path/Frameworks",
				);
				PRODUCT_BUNDLE_IDENTIFIER = com.ayano.ScheduleUITests;
				PRODUCT_NAME = "$(TARGET_NAME)";
				SWIFT_VERSION = 5.0;
				TARGETED_DEVICE_FAMILY = "1,2";
				TEST_TARGET_NAME = Schedule;
			};
			name = Debug;
		};
		65AF02C42557B9BA0011345A /* Release */ = {
			isa = XCBuildConfiguration;
			baseConfigurationReference = 67C072695D631BAB27F6BF2B /* Pods-Schedule-ScheduleUITests.release.xcconfig */;
			buildSettings = {
				ALWAYS_EMBED_SWIFT_STANDARD_LIBRARIES = YES;
				CODE_SIGN_STYLE = Automatic;
				INFOPLIST_FILE = ScheduleUITests/Info.plist;
				LD_RUNPATH_SEARCH_PATHS = (
					"$(inherited)",
					"@executable_path/Frameworks",
					"@loader_path/Frameworks",
				);
				PRODUCT_BUNDLE_IDENTIFIER = com.ayano.ScheduleUITests;
				PRODUCT_NAME = "$(TARGET_NAME)";
				SWIFT_VERSION = 5.0;
				TARGETED_DEVICE_FAMILY = "1,2";
				TEST_TARGET_NAME = Schedule;
			};
			name = Release;
		};
/* End XCBuildConfiguration section */

/* Begin XCConfigurationList section */
		65AF028F2557B9B70011345A /* Build configuration list for PBXProject "Schedule" */ = {
			isa = XCConfigurationList;
			buildConfigurations = (
				65AF02BA2557B9BA0011345A /* Debug */,
				65AF02BB2557B9BA0011345A /* Release */,
			);
			defaultConfigurationIsVisible = 0;
			defaultConfigurationName = Release;
		};
		65AF02BC2557B9BA0011345A /* Build configuration list for PBXNativeTarget "Schedule" */ = {
			isa = XCConfigurationList;
			buildConfigurations = (
				65AF02BD2557B9BA0011345A /* Debug */,
				65AF02BE2557B9BA0011345A /* Release */,
			);
			defaultConfigurationIsVisible = 0;
			defaultConfigurationName = Release;
		};
		65AF02BF2557B9BA0011345A /* Build configuration list for PBXNativeTarget "ScheduleTests" */ = {
			isa = XCConfigurationList;
			buildConfigurations = (
				65AF02C02557B9BA0011345A /* Debug */,
				65AF02C12557B9BA0011345A /* Release */,
			);
			defaultConfigurationIsVisible = 0;
			defaultConfigurationName = Release;
		};
		65AF02C22557B9BA0011345A /* Build configuration list for PBXNativeTarget "ScheduleUITests" */ = {
			isa = XCConfigurationList;
			buildConfigurations = (
				65AF02C32557B9BA0011345A /* Debug */,
				65AF02C42557B9BA0011345A /* Release */,
			);
			defaultConfigurationIsVisible = 0;
			defaultConfigurationName = Release;
		};
/* End XCConfigurationList section */
	};
	rootObject = 65AF028C2557B9B70011345A /* Project object */;
}
